// !$*UTF8*$!
{
	archiveVersion = 1;
	classes = {
	};
	objectVersion = 46;
	objects = {

/* Begin PBXBuildFile section */
		4C4E94601A65F340004B0992 /* AppDelegate.swift in Sources */ = {isa = PBXBuildFile; fileRef = 4C4E945F1A65F340004B0992 /* AppDelegate.swift */; };
		4C4E94621A65F340004B0992 /* OpeningViewController.swift in Sources */ = {isa = PBXBuildFile; fileRef = 4C4E94611A65F340004B0992 /* OpeningViewController.swift */; };
		4C4E94651A65F340004B0992 /* Main.storyboard in Resources */ = {isa = PBXBuildFile; fileRef = 4C4E94631A65F340004B0992 /* Main.storyboard */; };
		4C4E94671A65F340004B0992 /* Images.xcassets in Resources */ = {isa = PBXBuildFile; fileRef = 4C4E94661A65F340004B0992 /* Images.xcassets */; };
		4C4E946A1A65F340004B0992 /* LaunchScreen.xib in Resources */ = {isa = PBXBuildFile; fileRef = 4C4E94681A65F340004B0992 /* LaunchScreen.xib */; };
		4C4E94761A65F340004B0992 /* cpop_kpopTests.swift in Sources */ = {isa = PBXBuildFile; fileRef = 4C4E94751A65F340004B0992 /* cpop_kpopTests.swift */; };
		4C4E94801A65F7C2004B0992 /* PlayingViewController.swift in Sources */ = {isa = PBXBuildFile; fileRef = 4C4E947F1A65F7C2004B0992 /* PlayingViewController.swift */; };
/* End PBXBuildFile section */

/* Begin PBXContainerItemProxy section */
		4C4E94701A65F340004B0992 /* PBXContainerItemProxy */ = {
			isa = PBXContainerItemProxy;
			containerPortal = 4C4E94521A65F340004B0992 /* Project object */;
			proxyType = 1;
			remoteGlobalIDString = 4C4E94591A65F340004B0992;
			remoteInfo = cpop_kpop;
		};
/* End PBXContainerItemProxy section */

/* Begin PBXFileReference section */
		4C4E945A1A65F340004B0992 /* John or Jay?!.app */ = {isa = PBXFileReference; explicitFileType = wrapper.application; includeInIndex = 0; path = "John or Jay?!.app"; sourceTree = BUILT_PRODUCTS_DIR; };
		4C4E945E1A65F340004B0992 /* Info.plist */ = {isa = PBXFileReference; lastKnownFileType = text.plist.xml; path = Info.plist; sourceTree = "<group>"; };
		4C4E945F1A65F340004B0992 /* AppDelegate.swift */ = {isa = PBXFileReference; lastKnownFileType = sourcecode.swift; path = AppDelegate.swift; sourceTree = "<group>"; };
		4C4E94611A65F340004B0992 /* OpeningViewController.swift */ = {isa = PBXFileReference; lastKnownFileType = sourcecode.swift; path = OpeningViewController.swift; sourceTree = "<group>"; };
		4C4E94641A65F340004B0992 /* Base */ = {isa = PBXFileReference; lastKnownFileType = file.storyboard; name = Base; path = Base.lproj/Main.storyboard; sourceTree = "<group>"; };
		4C4E94661A65F340004B0992 /* Images.xcassets */ = {isa = PBXFileReference; lastKnownFileType = folder.assetcatalog; path = Images.xcassets; sourceTree = "<group>"; };
		4C4E94691A65F340004B0992 /* Base */ = {isa = PBXFileReference; lastKnownFileType = file.xib; name = Base; path = Base.lproj/LaunchScreen.xib; sourceTree = "<group>"; };
		4C4E946F1A65F340004B0992 /* John or Jay?!Tests.xctest */ = {isa = PBXFileReference; explicitFileType = wrapper.cfbundle; includeInIndex = 0; path = "John or Jay?!Tests.xctest"; sourceTree = BUILT_PRODUCTS_DIR; };
		4C4E94741A65F340004B0992 /* Info.plist */ = {isa = PBXFileReference; lastKnownFileType = text.plist.xml; path = Info.plist; sourceTree = "<group>"; };
		4C4E94751A65F340004B0992 /* cpop_kpopTests.swift */ = {isa = PBXFileReference; lastKnownFileType = sourcecode.swift; path = cpop_kpopTests.swift; sourceTree = "<group>"; };
		4C4E947F1A65F7C2004B0992 /* PlayingViewController.swift */ = {isa = PBXFileReference; fileEncoding = 4; lastKnownFileType = sourcecode.swift; path = PlayingViewController.swift; sourceTree = "<group>"; };
/* End PBXFileReference section */

/* Begin PBXFrameworksBuildPhase section */
		4C4E94571A65F340004B0992 /* Frameworks */ = {
			isa = PBXFrameworksBuildPhase;
			buildActionMask = 2147483647;
			files = (
			);
			runOnlyForDeploymentPostprocessing = 0;
		};
		4C4E946C1A65F340004B0992 /* Frameworks */ = {
			isa = PBXFrameworksBuildPhase;
			buildActionMask = 2147483647;
			files = (
			);
			runOnlyForDeploymentPostprocessing = 0;
		};
/* End PBXFrameworksBuildPhase section */

/* Begin PBXGroup section */
		4C4E94511A65F340004B0992 = {
			isa = PBXGroup;
			children = (
				4C4E945C1A65F340004B0992 /* cpop_kpop */,
				4C4E94721A65F340004B0992 /* cpop_kpopTests */,
				4C4E945B1A65F340004B0992 /* Products */,
			);
			sourceTree = "<group>";
		};
		4C4E945B1A65F340004B0992 /* Products */ = {
			isa = PBXGroup;
			children = (
				4C4E945A1A65F340004B0992 /* John or Jay?!.app */,
				4C4E946F1A65F340004B0992 /* John or Jay?!Tests.xctest */,
			);
			name = Products;
			sourceTree = "<group>";
		};
		4C4E945C1A65F340004B0992 /* cpop_kpop */ = {
			isa = PBXGroup;
			children = (
				4C4E945F1A65F340004B0992 /* AppDelegate.swift */,
				4C4E94611A65F340004B0992 /* OpeningViewController.swift */,
				4C4E947F1A65F7C2004B0992 /* PlayingViewController.swift */,
				4C4E94631A65F340004B0992 /* Main.storyboard */,
				4C4E94661A65F340004B0992 /* Images.xcassets */,
				4C4E94681A65F340004B0992 /* LaunchScreen.xib */,
				4C4E945D1A65F340004B0992 /* Supporting Files */,
			);
			path = cpop_kpop;
			sourceTree = "<group>";
		};
		4C4E945D1A65F340004B0992 /* Supporting Files */ = {
			isa = PBXGroup;
			children = (
				4C4E945E1A65F340004B0992 /* Info.plist */,
			);
			name = "Supporting Files";
			sourceTree = "<group>";
		};
		4C4E94721A65F340004B0992 /* cpop_kpopTests */ = {
			isa = PBXGroup;
			children = (
				4C4E94751A65F340004B0992 /* cpop_kpopTests.swift */,
				4C4E94731A65F340004B0992 /* Supporting Files */,
			);
			path = cpop_kpopTests;
			sourceTree = "<group>";
		};
		4C4E94731A65F340004B0992 /* Supporting Files */ = {
			isa = PBXGroup;
			children = (
				4C4E94741A65F340004B0992 /* Info.plist */,
			);
			name = "Supporting Files";
			sourceTree = "<group>";
		};
/* End PBXGroup section */

/* Begin PBXNativeTarget section */
		4C4E94591A65F340004B0992 /* John or Jay?! */ = {
			isa = PBXNativeTarget;
			buildConfigurationList = 4C4E94791A65F340004B0992 /* Build configuration list for PBXNativeTarget "John or Jay?!" */;
			buildPhases = (
				4C4E94561A65F340004B0992 /* Sources */,
				4C4E94571A65F340004B0992 /* Frameworks */,
				4C4E94581A65F340004B0992 /* Resources */,
			);
			buildRules = (
			);
			dependencies = (
			);
			name = "John or Jay?!";
			productName = cpop_kpop;
			productReference = 4C4E945A1A65F340004B0992 /* John or Jay?!.app */;
			productType = "com.apple.product-type.application";
		};
		4C4E946E1A65F340004B0992 /* John or Jay?!Tests */ = {
			isa = PBXNativeTarget;
			buildConfigurationList = 4C4E947C1A65F340004B0992 /* Build configuration list for PBXNativeTarget "John or Jay?!Tests" */;
			buildPhases = (
				4C4E946B1A65F340004B0992 /* Sources */,
				4C4E946C1A65F340004B0992 /* Frameworks */,
				4C4E946D1A65F340004B0992 /* Resources */,
			);
			buildRules = (
			);
			dependencies = (
				4C4E94711A65F340004B0992 /* PBXTargetDependency */,
			);
			name = "John or Jay?!Tests";
			productName = cpop_kpopTests;
			productReference = 4C4E946F1A65F340004B0992 /* John or Jay?!Tests.xctest */;
			productType = "com.apple.product-type.bundle.unit-test";
		};
/* End PBXNativeTarget section */

/* Begin PBXProject section */
		4C4E94521A65F340004B0992 /* Project object */ = {
			isa = PBXProject;
			attributes = {
				LastUpgradeCheck = 0610;
				ORGANIZATIONNAME = "Michael Chen";
				TargetAttributes = {
					4C4E94591A65F340004B0992 = {
						CreatedOnToolsVersion = 6.1.1;
					};
					4C4E946E1A65F340004B0992 = {
						CreatedOnToolsVersion = 6.1.1;
						TestTargetID = 4C4E94591A65F340004B0992;
					};
				};
			};
			buildConfigurationList = 4C4E94551A65F340004B0992 /* Build configuration list for PBXProject "John or Jay?!" */;
			compatibilityVersion = "Xcode 3.2";
			developmentRegion = English;
			hasScannedForEncodings = 0;
			knownRegions = (
				en,
				Base,
			);
			mainGroup = 4C4E94511A65F340004B0992;
			productRefGroup = 4C4E945B1A65F340004B0992 /* Products */;
			projectDirPath = "";
			projectRoot = "";
			targets = (
				4C4E94591A65F340004B0992 /* John or Jay?! */,
				4C4E946E1A65F340004B0992 /* John or Jay?!Tests */,
			);
		};
/* End PBXProject section */

/* Begin PBXResourcesBuildPhase section */
		4C4E94581A65F340004B0992 /* Resources */ = {
			isa = PBXResourcesBuildPhase;
			buildActionMask = 2147483647;
			files = (
				4C4E94651A65F340004B0992 /* Main.storyboard in Resources */,
				4C4E946A1A65F340004B0992 /* LaunchScreen.xib in Resources */,
				4C4E94671A65F340004B0992 /* Images.xcassets in Resources */,
			);
			runOnlyForDeploymentPostprocessing = 0;
		};
		4C4E946D1A65F340004B0992 /* Resources */ = {
			isa = PBXResourcesBuildPhase;
			buildActionMask = 2147483647;
			files = (
			);
			runOnlyForDeploymentPostprocessing = 0;
		};
/* End PBXResourcesBuildPhase section */

/* Begin PBXSourcesBuildPhase section */
		4C4E94561A65F340004B0992 /* Sources */ = {
			isa = PBXSourcesBuildPhase;
			buildActionMask = 2147483647;
			files = (
				4C4E94801A65F7C2004B0992 /* PlayingViewController.swift in Sources */,
				4C4E94621A65F340004B0992 /* OpeningViewController.swift in Sources */,
				4C4E94601A65F340004B0992 /* AppDelegate.swift in Sources */,
			);
			runOnlyForDeploymentPostprocessing = 0;
		};
		4C4E946B1A65F340004B0992 /* Sources */ = {
			isa = PBXSourcesBuildPhase;
			buildActionMask = 2147483647;
			files = (
				4C4E94761A65F340004B0992 /* cpop_kpopTests.swift in Sources */,
			);
			runOnlyForDeploymentPostprocessing = 0;
		};
/* End PBXSourcesBuildPhase section */

/* Begin PBXTargetDependency section */
		4C4E94711A65F340004B0992 /* PBXTargetDependency */ = {
			isa = PBXTargetDependency;
			target = 4C4E94591A65F340004B0992 /* John or Jay?! */;
			targetProxy = 4C4E94701A65F340004B0992 /* PBXContainerItemProxy */;
		};
/* End PBXTargetDependency section */

/* Begin PBXVariantGroup section */
		4C4E94631A65F340004B0992 /* Main.storyboard */ = {
			isa = PBXVariantGroup;
			children = (
				4C4E94641A65F340004B0992 /* Base */,
			);
			name = Main.storyboard;
			sourceTree = "<group>";
		};
		4C4E94681A65F340004B0992 /* LaunchScreen.xib */ = {
			isa = PBXVariantGroup;
			children = (
				4C4E94691A65F340004B0992 /* Base */,
			);
			name = LaunchScreen.xib;
			sourceTree = "<group>";
		};
/* End PBXVariantGroup section */

/* Begin XCBuildConfiguration section */
		4C4E94771A65F340004B0992 /* Debug */ = {
			isa = XCBuildConfiguration;
			buildSettings = {
				ALWAYS_SEARCH_USER_PATHS = NO;
				CLANG_CXX_LANGUAGE_STANDARD = "gnu++0x";
				CLANG_CXX_LIBRARY = "libc++";
				CLANG_ENABLE_MODULES = YES;
				CLANG_ENABLE_OBJC_ARC = YES;
				CLANG_WARN_BOOL_CONVERSION = YES;
				CLANG_WARN_CONSTANT_CONVERSION = YES;
				CLANG_WARN_DIRECT_OBJC_ISA_USAGE = YES_ERROR;
				CLANG_WARN_EMPTY_BODY = YES;
				CLANG_WARN_ENUM_CONVERSION = YES;
				CLANG_WARN_INT_CONVERSION = YES;
				CLANG_WARN_OBJC_ROOT_CLASS = YES_ERROR;
				CLANG_WARN_UNREACHABLE_CODE = YES;
				CLANG_WARN__DUPLICATE_METHOD_MATCH = YES;
				"CODE_SIGN_IDENTITY[sdk=iphoneos*]" = "iPhone Developer";
				COPY_PHASE_STRIP = NO;
				ENABLE_STRICT_OBJC_MSGSEND = YES;
				GCC_C_LANGUAGE_STANDARD = gnu99;
				GCC_DYNAMIC_NO_PIC = NO;
				GCC_OPTIMIZATION_LEVEL = 0;
				GCC_PREPROCESSOR_DEFINITIONS = (
					"DEBUG=1",
					"$(inherited)",
				);
				GCC_SYMBOLS_PRIVATE_EXTERN = NO;
				GCC_WARN_64_TO_32_BIT_CONVERSION = YES;
				GCC_WARN_ABOUT_RETURN_TYPE = YES_ERROR;
				GCC_WARN_UNDECLARED_SELECTOR = YES;
				GCC_WARN_UNINITIALIZED_AUTOS = YES_AGGRESSIVE;
				GCC_WARN_UNUSED_FUNCTION = YES;
				GCC_WARN_UNUSED_VARIABLE = YES;
				IPHONEOS_DEPLOYMENT_TARGET = 8.1;
				MTL_ENABLE_DEBUG_INFO = YES;
				ONLY_ACTIVE_ARCH = YES;
				SDKROOT = iphoneos;
				SWIFT_OPTIMIZATION_LEVEL = "-Onone";
			};
			name = Debug;
		};
		4C4E94781A65F340004B0992 /* Release */ = {
			isa = XCBuildConfiguration;
			buildSettings = {
				ALWAYS_SEARCH_USER_PATHS = NO;
				CLANG_CXX_LANGUAGE_STANDARD = "gnu++0x";
				CLANG_CXX_LIBRARY = "libc++";
				CLANG_ENABLE_MODULES = YES;
				CLANG_ENABLE_OBJC_ARC = YES;
				CLANG_WARN_BOOL_CONVERSION = YES;
				CLANG_WARN_CONSTANT_CONVERSION = YES;
				CLANG_WARN_DIRECT_OBJC_ISA_USAGE = YES_ERROR;
				CLANG_WARN_EMPTY_BODY = YES;
				CLANG_WARN_ENUM_CONVERSION = YES;
				CLANG_WARN_INT_CONVERSION = YES;
				CLANG_WARN_OBJC_ROOT_CLASS = YES_ERROR;
				CLANG_WARN_UNREACHABLE_CODE = YES;
				CLANG_WARN__DUPLICATE_METHOD_MATCH = YES;
				"CODE_SIGN_IDENTITY[sdk=iphoneos*]" = "iPhone Developer";
				COPY_PHASE_STRIP = YES;
				ENABLE_NS_ASSERTIONS = NO;
				ENABLE_STRICT_OBJC_MSGSEND = YES;
				GCC_C_LANGUAGE_STANDARD = gnu99;
				GCC_WARN_64_TO_32_BIT_CONVERSION = YES;
				GCC_WARN_ABOUT_RETURN_TYPE = YES_ERROR;
				GCC_WARN_UNDECLARED_SELECTOR = YES;
				GCC_WARN_UNINITIALIZED_AUTOS = YES_AGGRESSIVE;
				GCC_WARN_UNUSED_FUNCTION = YES;
				GCC_WARN_UNUSED_VARIABLE = YES;
				IPHONEOS_DEPLOYMENT_TARGET = 8.1;
				MTL_ENABLE_DEBUG_INFO = NO;
				SDKROOT = iphoneos;
				VALIDATE_PRODUCT = YES;
			};
			name = Release;
		};
		4C4E947A1A65F340004B0992 /* Debug */ = {
			isa = XCBuildConfiguration;
			buildSettings = {
				ASSETCATALOG_COMPILER_APPICON_NAME = AppIcon;
				INFOPLIST_FILE = cpop_kpop/Info.plist;
				LD_RUNPATH_SEARCH_PATHS = "$(inherited) @executable_path/Frameworks";
				PRODUCT_NAME = "John or Jay?!";
			};
			name = Debug;
		};
		4C4E947B1A65F340004B0992 /* Release */ = {
			isa = XCBuildConfiguration;
			buildSettings = {
				ASSETCATALOG_COMPILER_APPICON_NAME = AppIcon;
				INFOPLIST_FILE = cpop_kpop/Info.plist;
				LD_RUNPATH_SEARCH_PATHS = "$(inherited) @executable_path/Frameworks";
				PRODUCT_NAME = "John or Jay?!";
			};
			name = Release;
		};
		4C4E947D1A65F340004B0992 /* Debug */ = {
			isa = XCBuildConfiguration;
			buildSettings = {
				BUNDLE_LOADER = "$(TEST_HOST)";
				FRAMEWORK_SEARCH_PATHS = (
					"$(SDKROOT)/Developer/Library/Frameworks",
					"$(inherited)",
				);
				GCC_PREPROCESSOR_DEFINITIONS = (
					"DEBUG=1",
					"$(inherited)",
				);
				INFOPLIST_FILE = cpop_kpopTests/Info.plist;
				LD_RUNPATH_SEARCH_PATHS = "$(inherited) @executable_path/Frameworks @loader_path/Frameworks";
				PRODUCT_NAME = "John or Jay?!Tests";
				TEST_HOST = "$(BUILT_PRODUCTS_DIR)/cpop_kpop.app/cpop_kpop";
			};
			name = Debug;
		};
		4C4E947E1A65F340004B0992 /* Release */ = {
			isa = XCBuildConfiguration;
			buildSettings = {
				BUNDLE_LOADER = "$(TEST_HOST)";
				FRAMEWORK_SEARCH_PATHS = (
					"$(SDKROOT)/Developer/Library/Frameworks",
					"$(inherited)",
				);
				INFOPLIST_FILE = cpop_kpopTests/Info.plist;
				LD_RUNPATH_SEARCH_PATHS = "$(inherited) @executable_path/Frameworks @loader_path/Frameworks";
				PRODUCT_NAME = "John or Jay?!Tests";
				TEST_HOST = "$(BUILT_PRODUCTS_DIR)/cpop_kpop.app/cpop_kpop";
			};
			name = Release;
		};
/* End XCBuildConfiguration section */

/* Begin XCConfigurationList section */
		4C4E94551A65F340004B0992 /* Build configuration list for PBXProject "John or Jay?!" */ = {
			isa = XCConfigurationList;
			buildConfigurations = (
				4C4E94771A65F340004B0992 /* Debug */,
				4C4E94781A65F340004B0992 /* Release */,
			);
			defaultConfigurationIsVisible = 0;
			defaultConfigurationName = Release;
		};
		4C4E94791A65F340004B0992 /* Build configuration list for PBXNativeTarget "John or Jay?!" */ = {
			isa = XCConfigurationList;
			buildConfigurations = (
				4C4E947A1A65F340004B0992 /* Debug */,
				4C4E947B1A65F340004B0992 /* Release */,
			);
			defaultConfigurationIsVisible = 0;
			defaultConfigurationName = Release;
		};
		4C4E947C1A65F340004B0992 /* Build configuration list for PBXNativeTarget "John or Jay?!Tests" */ = {
			isa = XCConfigurationList;
			buildConfigurations = (
				4C4E947D1A65F340004B0992 /* Debug */,
				4C4E947E1A65F340004B0992 /* Release */,
			);
			defaultConfigurationIsVisible = 0;
			defaultConfigurationName = Release;
		};
/* End XCConfigurationList section */
	};
	rootObject = 4C4E94521A65F340004B0992 /* Project object */;
}
